
Microsoft Visual Studio Solution File, Format Version 12.00
# Visual Studio 15
VisualStudioVersion = 15.0.26124.0
MinimumVisualStudioVersion = 15.0.26124.0
Project("{2150E333-8FDC-42A3-9474-1A3956D46DE8}") = "src", "src", "{5E35F02D-70A1-47D5-BCF5-A76300202A8B}"
EndProject
Project("{9A19103F-16F7-4668-BE54-9A1E7A4F7556}") = "Microsoft.AspNetCore.B2CIntegration", "src\Microsoft.AspNetCore.B2CIntegration\Microsoft.AspNetCore.B2CIntegration.csproj", "{EA745D23-656F-4361-9D80-BB77C6658DF2}"
EndProject
Project("{2150E333-8FDC-42A3-9474-1A3956D46DE8}") = "samples", "samples", "{E23A32C6-F2D3-452B-9EBE-79F3019A98AF}"
EndProject
Project("{FAE04EC0-301F-11D3-BF4B-00C04F79EFBC}") = "B2CSample", "samples\B2CSample\B2CSample.csproj", "{76183158-B85D-4DE8-A29C-D79137111388}"
EndProject
Global
	GlobalSection(SolutionConfigurationPlatforms) = preSolution
		Debug|Any CPU = Debug|Any CPU
		Debug|x64 = Debug|x64
		Debug|x86 = Debug|x86
		Release|Any CPU = Release|Any CPU
		Release|x64 = Release|x64
		Release|x86 = Release|x86
	EndGlobalSection
	GlobalSection(ProjectConfigurationPlatforms) = postSolution
		{EA745D23-656F-4361-9D80-BB77C6658DF2}.Debug|Any CPU.ActiveCfg = Debug|Any CPU
		{EA745D23-656F-4361-9D80-BB77C6658DF2}.Debug|Any CPU.Build.0 = Debug|Any CPU
		{EA745D23-656F-4361-9D80-BB77C6658DF2}.Debug|x64.ActiveCfg = Debug|Any CPU
		{EA745D23-656F-4361-9D80-BB77C6658DF2}.Debug|x64.Build.0 = Debug|Any CPU
		{EA745D23-656F-4361-9D80-BB77C6658DF2}.Debug|x86.ActiveCfg = Debug|Any CPU
		{EA745D23-656F-4361-9D80-BB77C6658DF2}.Debug|x86.Build.0 = Debug|Any CPU
		{EA745D23-656F-4361-9D80-BB77C6658DF2}.Release|Any CPU.ActiveCfg = Release|Any CPU
		{EA745D23-656F-4361-9D80-BB77C6658DF2}.Release|Any CPU.Build.0 = Release|Any CPU
		{EA745D23-656F-4361-9D80-BB77C6658DF2}.Release|x64.ActiveCfg = Release|Any CPU
		{EA745D23-656F-4361-9D80-BB77C6658DF2}.Release|x64.Build.0 = Release|Any CPU
		{EA745D23-656F-4361-9D80-BB77C6658DF2}.Release|x86.ActiveCfg = Release|Any CPU
		{EA745D23-656F-4361-9D80-BB77C6658DF2}.Release|x86.Build.0 = Release|Any CPU
		{76183158-B85D-4DE8-A29C-D79137111388}.Debug|Any CPU.ActiveCfg = Debug|Any CPU
		{76183158-B85D-4DE8-A29C-D79137111388}.Debug|Any CPU.Build.0 = Debug|Any CPU
		{76183158-B85D-4DE8-A29C-D79137111388}.Debug|x64.ActiveCfg = Debug|Any CPU
		{76183158-B85D-4DE8-A29C-D79137111388}.Debug|x64.Build.0 = Debug|Any CPU
		{76183158-B85D-4DE8-A29C-D79137111388}.Debug|x86.ActiveCfg = Debug|Any CPU
		{76183158-B85D-4DE8-A29C-D79137111388}.Debug|x86.Build.0 = Debug|Any CPU
		{76183158-B85D-4DE8-A29C-D79137111388}.Release|Any CPU.ActiveCfg = Release|Any CPU
		{76183158-B85D-4DE8-A29C-D79137111388}.Release|Any CPU.Build.0 = Release|Any CPU
		{76183158-B85D-4DE8-A29C-D79137111388}.Release|x64.ActiveCfg = Release|Any CPU
		{76183158-B85D-4DE8-A29C-D79137111388}.Release|x64.Build.0 = Release|Any CPU
		{76183158-B85D-4DE8-A29C-D79137111388}.Release|x86.ActiveCfg = Release|Any CPU
		{76183158-B85D-4DE8-A29C-D79137111388}.Release|x86.Build.0 = Release|Any CPU
	EndGlobalSection
	GlobalSection(SolutionProperties) = preSolution
		HideSolutionNode = FALSE
	EndGlobalSection
	GlobalSection(NestedProjects) = preSolution
		{EA745D23-656F-4361-9D80-BB77C6658DF2} = {5E35F02D-70A1-47D5-BCF5-A76300202A8B}
		{76183158-B85D-4DE8-A29C-D79137111388} = {E23A32C6-F2D3-452B-9EBE-79F3019A98AF}
	EndGlobalSection
	GlobalSection(ExtensibilityGlobals) = postSolution
		SolutionGuid = {4758B798-7C95-458A-BF36-862B8BFCA0AB}
	EndGlobalSection
EndGlobal
